
Microsoft Visual Studio Solution File, Format Version 12.00
# Visual Studio Version 17
VisualStudioVersion = 17.5.002.0
MinimumVisualStudioVersion = 10.0.40219.1
Project("{9A19103F-16F7-4668-BE54-9A1E7A4F7556}") = "vehicles-api", "vehicles-api.csproj", "{13F37393-FF9F-4720-BB0E-ADD2643A1A74}"
EndProject
Global
	GlobalSection(SolutionConfigurationPlatforms) = preSolution
		Debug|Any CPU = Debug|Any CPU
		Release|Any CPU = Release|Any CPU
	EndGlobalSection
	GlobalSection(ProjectConfigurationPlatforms) = postSolution
		{13F37393-FF9F-4720-BB0E-ADD2643A1A74}.Debug|Any CPU.ActiveCfg = Debug|Any CPU
		{13F37393-FF9F-4720-BB0E-ADD2643A1A74}.Debug|Any CPU.Build.0 = Debug|Any CPU
		{13F37393-FF9F-4720-BB0E-ADD2643A1A74}.Release|Any CPU.ActiveCfg = Release|Any CPU
		{13F37393-FF9F-4720-BB0E-ADD2643A1A74}.Release|Any CPU.Build.0 = Release|Any CPU
	EndGlobalSection
	GlobalSection(SolutionProperties) = preSolution
		HideSolutionNode = FALSE
	EndGlobalSection
	GlobalSection(ExtensibilityGlobals) = postSolution
		SolutionGuid = {77FC7D02-73B1-4917-AD9A-5FC21149DB9E}
	EndGlobalSection
EndGlobal
